
Microsoft Visual Studio Solution File, Format Version 12.00
# Visual Studio 15
VisualStudioVersion = 15.0.28307.1401
MinimumVisualStudioVersion = 10.0.40219.1
Project("{FAE04EC0-301F-11D3-BF4B-00C04F79EFBC}") = "Peepalbot", "Peepalbot\Peepalbot.csproj", "{90EF1E65-296F-49B6-9228-5994C74CE915}"
EndProject
Project("{FAE04EC0-301F-11D3-BF4B-00C04F79EFBC}") = "EFPeepalbot", "EFPeepalbot\EFPeepalbot.csproj", "{718745F6-E43E-45FE-83BD-615EF23167A8}"
EndProject
Project("{FAE04EC0-301F-11D3-BF4B-00C04F79EFBC}") = "PeepalBotApi", "PeepalBotApi\PeepalBotApi.csproj", "{3D8D1D15-EB13-4B38-B06B-A8E383CCF8C4}"
EndProject
Global
	GlobalSection(SolutionConfigurationPlatforms) = preSolution
		Debug|Any CPU = Debug|Any CPU
		Release|Any CPU = Release|Any CPU
	EndGlobalSection
	GlobalSection(ProjectConfigurationPlatforms) = postSolution
		{90EF1E65-296F-49B6-9228-5994C74CE915}.Debug|Any CPU.ActiveCfg = Debug|Any CPU
		{90EF1E65-296F-49B6-9228-5994C74CE915}.Debug|Any CPU.Build.0 = Debug|Any CPU
		{90EF1E65-296F-49B6-9228-5994C74CE915}.Release|Any CPU.ActiveCfg = Release|Any CPU
		{90EF1E65-296F-49B6-9228-5994C74CE915}.Release|Any CPU.Build.0 = Release|Any CPU
		{718745F6-E43E-45FE-83BD-615EF23167A8}.Debug|Any CPU.ActiveCfg = Debug|Any CPU
		{718745F6-E43E-45FE-83BD-615EF23167A8}.Debug|Any CPU.Build.0 = Debug|Any CPU
		{718745F6-E43E-45FE-83BD-615EF23167A8}.Release|Any CPU.ActiveCfg = Release|Any CPU
		{718745F6-E43E-45FE-83BD-615EF23167A8}.Release|Any CPU.Build.0 = Release|Any CPU
		{3D8D1D15-EB13-4B38-B06B-A8E383CCF8C4}.Debug|Any CPU.ActiveCfg = Debug|Any CPU
		{3D8D1D15-EB13-4B38-B06B-A8E383CCF8C4}.Debug|Any CPU.Build.0 = Debug|Any CPU
		{3D8D1D15-EB13-4B38-B06B-A8E383CCF8C4}.Release|Any CPU.ActiveCfg = Release|Any CPU
		{3D8D1D15-EB13-4B38-B06B-A8E383CCF8C4}.Release|Any CPU.Build.0 = Release|Any CPU
	EndGlobalSection
	GlobalSection(SolutionProperties) = preSolution
		HideSolutionNode = FALSE
	EndGlobalSection
	GlobalSection(ExtensibilityGlobals) = postSolution
		SolutionGuid = {37CB1221-15D3-437A-BD72-14EFA55E3B6D}
	EndGlobalSection
EndGlobal
